
Microsoft Visual Studio Solution File, Format Version 12.00
# Visual Studio Version 17
VisualStudioVersion = 17.11.35312.102
MinimumVisualStudioVersion = 10.0.40219.1
Project("{8BC9CEB8-8B4A-11D0-8D11-00A0C91BC942}") = "vx3p", "vx3p.vcxproj", "{0DEDDB83-6985-4899-878A-246F329F72C9}"
EndProject
Global
	GlobalSection(SolutionConfigurationPlatforms) = preSolution
		Debug|x64 = Debug|x64
		Debug|x86 = Debug|x86
		Release|x64 = Release|x64
		Release|x86 = Release|x86
	EndGlobalSection
	GlobalSection(ProjectConfigurationPlatforms) = postSolution
		{0DEDDB83-6985-4899-878A-246F329F72C9}.Debug|x64.ActiveCfg = Debug|x64
		{0DEDDB83-6985-4899-878A-246F329F72C9}.Debug|x64.Build.0 = Debug|x64
		{0DEDDB83-6985-4899-878A-246F329F72C9}.Debug|x86.ActiveCfg = Debug|Win32
		{0DEDDB83-6985-4899-878A-246F329F72C9}.Debug|x86.Build.0 = Debug|Win32
		{0DEDDB83-6985-4899-878A-246F329F72C9}.Release|x64.ActiveCfg = Release|x64
		{0DEDDB83-6985-4899-878A-246F329F72C9}.Release|x64.Build.0 = Release|x64
		{0DEDDB83-6985-4899-878A-246F329F72C9}.Release|x86.ActiveCfg = Release|Win32
		{0DEDDB83-6985-4899-878A-246F329F72C9}.Release|x86.Build.0 = Release|Win32
	EndGlobalSection
	GlobalSection(SolutionProperties) = preSolution
		HideSolutionNode = FALSE
	EndGlobalSection
	GlobalSection(ExtensibilityGlobals) = postSolution
		SolutionGuid = {41EE7A40-6510-42A5-A131-6875FE76E5F7}
	EndGlobalSection
EndGlobal
